PRODUCT_VERSION=1.0.1
SQUIRREL_VERSION=1.1.2
SQUIRREL_PKG_SHA256=614746013212937623d5bbab9901e9c43d1ec937aa32307d6b6092a05e308287
SQUIRREL_BUNDLE_ID=im.rime.inputmethod.Squirrel
LIBRIME_PREDICT_DB_FORMAT=upstream-master-2024-11-18
LIBRIME_PREDICT_ALPHA_TAG=data-1.0
LIBRIME_PREDICT_ALPHA_URL=https://github.com/rime/librime-predict/releases/download/data-1.0/predict.db
LIBRIME_PREDICT_ALPHA_SHA256=2a5a2b7c77f8f3d7c0836dfc8fd8b791ac2574d8bd93a3a2baaae1ee4861f5be
